// !$*UTF8*$!
{
	archiveVersion = 1;
	classes = {
	};
	objectVersion = 55;
	objects = {

/* Begin PBXBuildFile section */
		2F40F7F12826247D007A43B4 /* BrawModel.swift in Sources */ = {isa = PBXBuildFile; fileRef = 2F40F7F02826247D007A43B4 /* BrawModel.swift */; };
		2F40F7F428262614007A43B4 /* BrawDownloadService.swift in Sources */ = {isa = PBXBuildFile; fileRef = 2F40F7F328262614007A43B4 /* BrawDownloadService.swift */; };
		2F40F7F628262B35007A43B4 /* BrawViewModel.swift in Sources */ = {isa = PBXBuildFile; fileRef = 2F40F7F528262B35007A43B4 /* BrawViewModel.swift */; };
		2F40F7F8282672AA007A43B4 /* ImageDownloaderService.swift in Sources */ = {isa = PBXBuildFile; fileRef = 2F40F7F7282672AA007A43B4 /* ImageDownloaderService.swift */; };
		2F4613D02825C8320065ECE2 /* Brawls_StarsApp.swift in Sources */ = {isa = PBXBuildFile; fileRef = 2F4613CF2825C8320065ECE2 /* Brawls_StarsApp.swift */; };
		2F4613D22825C8320065ECE2 /* ContentView.swift in Sources */ = {isa = PBXBuildFile; fileRef = 2F4613D12825C8320065ECE2 /* ContentView.swift */; };
		2F4613D42825C8340065ECE2 /* Assets.xcassets in Resources */ = {isa = PBXBuildFile; fileRef = 2F4613D32825C8340065ECE2 /* Assets.xcassets */; };
		2F4613D72825C8340065ECE2 /* Preview Assets.xcassets in Resources */ = {isa = PBXBuildFile; fileRef = 2F4613D62825C8340065ECE2 /* Preview Assets.xcassets */; };
		2F4613DE2825C9A90065ECE2 /* Mortis.swift in Sources */ = {isa = PBXBuildFile; fileRef = 2F4613DD2825C9A90065ECE2 /* Mortis.swift */; };
		2F4F8EDC28267614009317D1 /* Ozelimage.swift in Sources */ = {isa = PBXBuildFile; fileRef = 2F4F8EDB28267614009317D1 /* Ozelimage.swift */; };
		2F4F8EDE28267CFD009317D1 /* BrawDetailModel.swift in Sources */ = {isa = PBXBuildFile; fileRef = 2F4F8EDD28267CFD009317D1 /* BrawDetailModel.swift */; };
		2F4F8EE028268185009317D1 /* BrawDetailViewModel.swift in Sources */ = {isa = PBXBuildFile; fileRef = 2F4F8EDF28268185009317D1 /* BrawDetailViewModel.swift */; };
		2F4F8EE42826848B009317D1 /* BrawDetailView.swift in Sources */ = {isa = PBXBuildFile; fileRef = 2F4F8EE32826848B009317D1 /* BrawDetailView.swift */; };
/* End PBXBuildFile section */

/* Begin PBXFileReference section */
		2F40F7F02826247D007A43B4 /* BrawModel.swift */ = {isa = PBXFileReference; lastKnownFileType = sourcecode.swift; path = BrawModel.swift; sourceTree = "<group>"; };
		2F40F7F328262614007A43B4 /* BrawDownloadService.swift */ = {isa = PBXFileReference; lastKnownFileType = sourcecode.swift; path = BrawDownloadService.swift; sourceTree = "<group>"; };
		2F40F7F528262B35007A43B4 /* BrawViewModel.swift */ = {isa = PBXFileReference; lastKnownFileType = sourcecode.swift; path = BrawViewModel.swift; sourceTree = "<group>"; };
		2F40F7F7282672AA007A43B4 /* ImageDownloaderService.swift */ = {isa = PBXFileReference; lastKnownFileType = sourcecode.swift; path = ImageDownloaderService.swift; sourceTree = "<group>"; };
		2F4613CC2825C8320065ECE2 /* Brawl Stars Characters.app */ = {isa = PBXFileReference; explicitFileType = wrapper.application; includeInIndex = 0; path = "Brawl Stars Characters.app"; sourceTree = BUILT_PRODUCTS_DIR; };
		2F4613CF2825C8320065ECE2 /* Brawls_StarsApp.swift */ = {isa = PBXFileReference; lastKnownFileType = sourcecode.swift; path = Brawls_StarsApp.swift; sourceTree = "<group>"; };
		2F4613D12825C8320065ECE2 /* ContentView.swift */ = {isa = PBXFileReference; lastKnownFileType = sourcecode.swift; path = ContentView.swift; sourceTree = "<group>"; };
		2F4613D32825C8340065ECE2 /* Assets.xcassets */ = {isa = PBXFileReference; lastKnownFileType = folder.assetcatalog; path = Assets.xcassets; sourceTree = "<group>"; };
		2F4613D62825C8340065ECE2 /* Preview Assets.xcassets */ = {isa = PBXFileReference; lastKnownFileType = folder.assetcatalog; path = "Preview Assets.xcassets"; sourceTree = "<group>"; };
		2F4613DD2825C9A90065ECE2 /* Mortis.swift */ = {isa = PBXFileReference; lastKnownFileType = sourcecode.swift; path = Mortis.swift; sourceTree = "<group>"; };
		2F4F8EDB28267614009317D1 /* Ozelimage.swift */ = {isa = PBXFileReference; lastKnownFileType = sourcecode.swift; path = Ozelimage.swift; sourceTree = "<group>"; };
		2F4F8EDD28267CFD009317D1 /* BrawDetailModel.swift */ = {isa = PBXFileReference; lastKnownFileType = sourcecode.swift; path = BrawDetailModel.swift; sourceTree = "<group>"; };
		2F4F8EDF28268185009317D1 /* BrawDetailViewModel.swift */ = {isa = PBXFileReference; lastKnownFileType = sourcecode.swift; path = BrawDetailViewModel.swift; sourceTree = "<group>"; };
		2F4F8EE32826848B009317D1 /* BrawDetailView.swift */ = {isa = PBXFileReference; lastKnownFileType = sourcecode.swift; path = BrawDetailView.swift; sourceTree = "<group>"; };
/* End PBXFileReference section */

/* Begin PBXFrameworksBuildPhase section */
		2F4613C92825C8320065ECE2 /* Frameworks */ = {
			isa = PBXFrameworksBuildPhase;
			buildActionMask = 2147483647;
			files = (
			);
			runOnlyForDeploymentPostprocessing = 0;
		};
/* End PBXFrameworksBuildPhase section */

/* Begin PBXGroup section */
		2F40F7EC2826214A007A43B4 /* View */ = {
			isa = PBXGroup;
			children = (
				2F4613D12825C8320065ECE2 /* ContentView.swift */,
				2F4F8EDB28267614009317D1 /* Ozelimage.swift */,
				2F4F8EE32826848B009317D1 /* BrawDetailView.swift */,
			);
			path = View;
			sourceTree = "<group>";
		};
		2F40F7ED28262152007A43B4 /* ViewModel */ = {
			isa = PBXGroup;
			children = (
				2F40F7F528262B35007A43B4 /* BrawViewModel.swift */,
				2F4F8EDF28268185009317D1 /* BrawDetailViewModel.swift */,
			);
			path = ViewModel;
			sourceTree = "<group>";
		};
		2F40F7EE28262159007A43B4 /* Service */ = {
			isa = PBXGroup;
			children = (
				2F40F7F328262614007A43B4 /* BrawDownloadService.swift */,
				2F40F7F7282672AA007A43B4 /* ImageDownloaderService.swift */,
			);
			path = Service;
			sourceTree = "<group>";
		};
		2F40F7EF28262161007A43B4 /* Model */ = {
			isa = PBXGroup;
			children = (
				2F40F7F02826247D007A43B4 /* BrawModel.swift */,
				2F4F8EDD28267CFD009317D1 /* BrawDetailModel.swift */,
			);
			path = Model;
			sourceTree = "<group>";
		};
		2F4613C32825C8320065ECE2 = {
			isa = PBXGroup;
			children = (
				2F4613CE2825C8320065ECE2 /* Brawls Stars */,
				2F4613CD2825C8320065ECE2 /* Products */,
			);
			sourceTree = "<group>";
		};
		2F4613CD2825C8320065ECE2 /* Products */ = {
			isa = PBXGroup;
			children = (
				2F4613CC2825C8320065ECE2 /* Brawl Stars Characters.app */,
			);
			name = Products;
			sourceTree = "<group>";
		};
		2F4613CE2825C8320065ECE2 /* Brawls Stars */ = {
			isa = PBXGroup;
			children = (
				2F4613D32825C8340065ECE2 /* Assets.xcassets */,
				2F4613CF2825C8320065ECE2 /* Brawls_StarsApp.swift */,
				2F40F7EF28262161007A43B4 /* Model */,
				2F4613DD2825C9A90065ECE2 /* Mortis.swift */,
				2F4613D52825C8340065ECE2 /* Preview Content */,
				2F40F7EE28262159007A43B4 /* Service */,
				2F40F7EC2826214A007A43B4 /* View */,
				2F40F7ED28262152007A43B4 /* ViewModel */,
			);
			path = "Brawls Stars";
			sourceTree = "<group>";
		};
		2F4613D52825C8340065ECE2 /* Preview Content */ = {
			isa = PBXGroup;
			children = (
				2F4613D62825C8340065ECE2 /* Preview Assets.xcassets */,
			);
			path = "Preview Content";
			sourceTree = "<group>";
		};
/* End PBXGroup section */

/* Begin PBXNativeTarget section */
		2F4613CB2825C8320065ECE2 /* Brawl Stars */ = {
			isa = PBXNativeTarget;
			buildConfigurationList = 2F4613DA2825C8340065ECE2 /* Build configuration list for PBXNativeTarget "Brawl Stars" */;
			buildPhases = (
				2F4613C82825C8320065ECE2 /* Sources */,
				2F4613C92825C8320065ECE2 /* Frameworks */,
				2F4613CA2825C8320065ECE2 /* Resources */,
			);
			buildRules = (
			);
			dependencies = (
			);
			name = "Brawl Stars";
			productName = "Brawls Stars";
			productReference = 2F4613CC2825C8320065ECE2 /* Brawl Stars Characters.app */;
			productType = "com.apple.product-type.application";
		};
/* End PBXNativeTarget section */

/* Begin PBXProject section */
		2F4613C42825C8320065ECE2 /* Project object */ = {
			isa = PBXProject;
			attributes = {
				BuildIndependentTargetsInParallel = 1;
				LastSwiftUpdateCheck = 1330;
				LastUpgradeCheck = 1330;
				TargetAttributes = {
					2F4613CB2825C8320065ECE2 = {
						CreatedOnToolsVersion = 13.3;
					};
				};
			};
			buildConfigurationList = 2F4613C72825C8320065ECE2 /* Build configuration list for PBXProject "Brawls Stars" */;
			compatibilityVersion = "Xcode 13.0";
			developmentRegion = en;
			hasScannedForEncodings = 0;
			knownRegions = (
				en,
				Base,
			);
			mainGroup = 2F4613C32825C8320065ECE2;
			productRefGroup = 2F4613CD2825C8320065ECE2 /* Products */;
			projectDirPath = "";
			projectRoot = "";
			targets = (
				2F4613CB2825C8320065ECE2 /* Brawl Stars */,
			);
		};
/* End PBXProject section */

/* Begin PBXResourcesBuildPhase section */
		2F4613CA2825C8320065ECE2 /* Resources */ = {
			isa = PBXResourcesBuildPhase;
			buildActionMask = 2147483647;
			files = (
				2F4613D72825C8340065ECE2 /* Preview Assets.xcassets in Resources */,
				2F4613D42825C8340065ECE2 /* Assets.xcassets in Resources */,
			);
			runOnlyForDeploymentPostprocessing = 0;
		};
/* End PBXResourcesBuildPhase section */

/* Begin PBXSourcesBuildPhase section */
		2F4613C82825C8320065ECE2 /* Sources */ = {
			isa = PBXSourcesBuildPhase;
			buildActionMask = 2147483647;
			files = (
				2F40F7F628262B35007A43B4 /* BrawViewModel.swift in Sources */,
				2F4613D22825C8320065ECE2 /* ContentView.swift in Sources */,
				2F4613DE2825C9A90065ECE2 /* Mortis.swift in Sources */,
				2F4613D02825C8320065ECE2 /* Brawls_StarsApp.swift in Sources */,
				2F40F7F428262614007A43B4 /* BrawDownloadService.swift in Sources */,
				2F4F8EDE28267CFD009317D1 /* BrawDetailModel.swift in Sources */,
				2F40F7F12826247D007A43B4 /* BrawModel.swift in Sources */,
				2F4F8EE028268185009317D1 /* BrawDetailViewModel.swift in Sources */,
				2F40F7F8282672AA007A43B4 /* ImageDownloaderService.swift in Sources */,
				2F4F8EE42826848B009317D1 /* BrawDetailView.swift in Sources */,
				2F4F8EDC28267614009317D1 /* Ozelimage.swift in Sources */,
			);
			runOnlyForDeploymentPostprocessing = 0;
		};
/* End PBXSourcesBuildPhase section */

/* Begin XCBuildConfiguration section */
		2F4613D82825C8340065ECE2 /* Debug */ = {
			isa = XCBuildConfiguration;
			buildSettings = {
				ALWAYS_SEARCH_USER_PATHS = NO;
				CLANG_ANALYZER_NONNULL = YES;
				CLANG_ANALYZER_NUMBER_OBJECT_CONVERSION = YES_AGGRESSIVE;
				CLANG_CXX_LANGUAGE_STANDARD = "gnu++17";
				CLANG_ENABLE_MODULES = YES;
				CLANG_ENABLE_OBJC_ARC = YES;
				CLANG_ENABLE_OBJC_WEAK = YES;
				CLANG_WARN_BLOCK_CAPTURE_AUTORELEASING = YES;
				CLANG_WARN_BOOL_CONVERSION = YES;
				CLANG_WARN_COMMA = YES;
				CLANG_WARN_CONSTANT_CONVERSION = YES;
				CLANG_WARN_DEPRECATED_OBJC_IMPLEMENTATIONS = YES;
				CLANG_WARN_DIRECT_OBJC_ISA_USAGE = YES_ERROR;
				CLANG_WARN_DOCUMENTATION_COMMENTS = YES;
				CLANG_WARN_EMPTY_BODY = YES;
				CLANG_WARN_ENUM_CONVERSION = YES;
				CLANG_WARN_INFINITE_RECURSION = YES;
				CLANG_WARN_INT_CONVERSION = YES;
				CLANG_WARN_NON_LITERAL_NULL_CONVERSION = YES;
				CLANG_WARN_OBJC_IMPLICIT_RETAIN_SELF = YES;
				CLANG_WARN_OBJC_LITERAL_CONVERSION = YES;
				CLANG_WARN_OBJC_ROOT_CLASS = YES_ERROR;
				CLANG_WARN_QUOTED_INCLUDE_IN_FRAMEWORK_HEADER = YES;
				CLANG_WARN_RANGE_LOOP_ANALYSIS = YES;
				CLANG_WARN_STRICT_PROTOTYPES = YES;
				CLANG_WARN_SUSPICIOUS_MOVE = YES;
				CLANG_WARN_UNGUARDED_AVAILABILITY = YES_AGGRESSIVE;
				CLANG_WARN_UNREACHABLE_CODE = YES;
				CLANG_WARN__DUPLICATE_METHOD_MATCH = YES;
				COPY_PHASE_STRIP = NO;
				DEBUG_INFORMATION_FORMAT = dwarf;
				ENABLE_STRICT_OBJC_MSGSEND = YES;
				ENABLE_TESTABILITY = YES;
				GCC_C_LANGUAGE_STANDARD = gnu11;
				GCC_DYNAMIC_NO_PIC = NO;
				GCC_NO_COMMON_BLOCKS = YES;
				GCC_OPTIMIZATION_LEVEL = 0;
				GCC_PREPROCESSOR_DEFINITIONS = (
					"DEBUG=1",
					"$(inherited)",
				);
				GCC_WARN_64_TO_32_BIT_CONVERSION = YES;
				GCC_WARN_ABOUT_RETURN_TYPE = YES_ERROR;
				GCC_WARN_UNDECLARED_SELECTOR = YES;
				GCC_WARN_UNINITIALIZED_AUTOS = YES_AGGRESSIVE;
				GCC_WARN_UNUSED_FUNCTION = YES;
				GCC_WARN_UNUSED_VARIABLE = YES;
				IPHONEOS_DEPLOYMENT_TARGET = 15.4;
				MTL_ENABLE_DEBUG_INFO = INCLUDE_SOURCE;
				MTL_FAST_MATH = YES;
				ONLY_ACTIVE_ARCH = YES;
				SDKROOT = iphoneos;
				SWIFT_ACTIVE_COMPILATION_CONDITIONS = DEBUG;
				SWIFT_OPTIMIZATION_LEVEL = "-Onone";
			};
			name = Debug;
		};
		2F4613D92825C8340065ECE2 /* Release */ = {
			isa = XCBuildConfiguration;
			buildSettings = {
				ALWAYS_SEARCH_USER_PATHS = NO;
				CLANG_ANALYZER_NONNULL = YES;
				CLANG_ANALYZER_NUMBER_OBJECT_CONVERSION = YES_AGGRESSIVE;
				CLANG_CXX_LANGUAGE_STANDARD = "gnu++17";
				CLANG_ENABLE_MODULES = YES;
				CLANG_ENABLE_OBJC_ARC = YES;
				CLANG_ENABLE_OBJC_WEAK = YES;
				CLANG_WARN_BLOCK_CAPTURE_AUTORELEASING = YES;
				CLANG_WARN_BOOL_CONVERSION = YES;
				CLANG_WARN_COMMA = YES;
				CLANG_WARN_CONSTANT_CONVERSION = YES;
				CLANG_WARN_DEPRECATED_OBJC_IMPLEMENTATIONS = YES;
				CLANG_WARN_DIRECT_OBJC_ISA_USAGE = YES_ERROR;
				CLANG_WARN_DOCUMENTATION_COMMENTS = YES;
				CLANG_WARN_EMPTY_BODY = YES;
				CLANG_WARN_ENUM_CONVERSION = YES;
				CLANG_WARN_INFINITE_RECURSION = YES;
				CLANG_WARN_INT_CONVERSION = YES;
				CLANG_WARN_NON_LITERAL_NULL_CONVERSION = YES;
				CLANG_WARN_OBJC_IMPLICIT_RETAIN_SELF = YES;
				CLANG_WARN_OBJC_LITERAL_CONVERSION = YES;
				CLANG_WARN_OBJC_ROOT_CLASS = YES_ERROR;
				CLANG_WARN_QUOTED_INCLUDE_IN_FRAMEWORK_HEADER = YES;
				CLANG_WARN_RANGE_LOOP_ANALYSIS = YES;
				CLANG_WARN_STRICT_PROTOTYPES = YES;
				CLANG_WARN_SUSPICIOUS_MOVE = YES;
				CLANG_WARN_UNGUARDED_AVAILABILITY = YES_AGGRESSIVE;
				CLANG_WARN_UNREACHABLE_CODE = YES;
				CLANG_WARN__DUPLICATE_METHOD_MATCH = YES;
				COPY_PHASE_STRIP = NO;
				DEBUG_INFORMATION_FORMAT = "dwarf-with-dsym";
				ENABLE_NS_ASSERTIONS = NO;
				ENABLE_STRICT_OBJC_MSGSEND = YES;
				GCC_C_LANGUAGE_STANDARD = gnu11;
				GCC_NO_COMMON_BLOCKS = YES;
				GCC_WARN_64_TO_32_BIT_CONVERSION = YES;
				GCC_WARN_ABOUT_RETURN_TYPE = YES_ERROR;
				GCC_WARN_UNDECLARED_SELECTOR = YES;
				GCC_WARN_UNINITIALIZED_AUTOS = YES_AGGRESSIVE;
				GCC_WARN_UNUSED_FUNCTION = YES;
				GCC_WARN_UNUSED_VARIABLE = YES;
				IPHONEOS_DEPLOYMENT_TARGET = 15.4;
				MTL_ENABLE_DEBUG_INFO = NO;
				MTL_FAST_MATH = YES;
				SDKROOT = iphoneos;
				SWIFT_COMPILATION_MODE = wholemodule;
				SWIFT_OPTIMIZATION_LEVEL = "-O";
				VALIDATE_PRODUCT = YES;
			};
			name = Release;
		};
		2F4613DB2825C8340065ECE2 /* Debug */ = {
			isa = XCBuildConfiguration;
			buildSettings = {
				ASSETCATALOG_COMPILER_APPICON_NAME = AppIcon;
				ASSETCATALOG_COMPILER_GLOBAL_ACCENT_COLOR_NAME = AccentColor;
				CODE_SIGN_STYLE = Automatic;
				CURRENT_PROJECT_VERSION = 1;
				DEVELOPMENT_ASSET_PATHS = "\"Brawls Stars/Preview Content\"";
				DEVELOPMENT_TEAM = FS83WK4S9F;
				ENABLE_PREVIEWS = YES;
				GENERATE_INFOPLIST_FILE = YES;
				INFOPLIST_KEY_UIApplicationSceneManifest_Generation = YES;
				INFOPLIST_KEY_UIApplicationSupportsIndirectInputEvents = YES;
				INFOPLIST_KEY_UILaunchScreen_Generation = YES;
				INFOPLIST_KEY_UISupportedInterfaceOrientations_iPad = "UIInterfaceOrientationPortrait UIInterfaceOrientationPortraitUpsideDown UIInterfaceOrientationLandscapeLeft UIInterfaceOrientationLandscapeRight";
				INFOPLIST_KEY_UISupportedInterfaceOrientations_iPhone = "UIInterfaceOrientationPortrait UIInterfaceOrientationLandscapeLeft UIInterfaceOrientationLandscapeRight";
				LD_RUNPATH_SEARCH_PATHS = (
					"$(inherited)",
					"@executable_path/Frameworks",
				);
				MARKETING_VERSION = 1.0;
				PRODUCT_BUNDLE_IDENTIFIER = "com.swift.xmod.brawls.Brawls-Stars";
				PRODUCT_NAME = "Brawl Stars Characters";
				SWIFT_EMIT_LOC_STRINGS = YES;
				SWIFT_VERSION = 5.0;
				TARGETED_DEVICE_FAMILY = "1,2";
			};
			name = Debug;
		};
		2F4613DC2825C8340065ECE2 /* Release */ = {
			isa = XCBuildConfiguration;
			buildSettings = {
				ASSETCATALOG_COMPILER_APPICON_NAME = AppIcon;
				ASSETCATALOG_COMPILER_GLOBAL_ACCENT_COLOR_NAME = AccentColor;
				CODE_SIGN_STYLE = Automatic;
				CURRENT_PROJECT_VERSION = 1;
				DEVELOPMENT_ASSET_PATHS = "\"Brawls Stars/Preview Content\"";
				DEVELOPMENT_TEAM = FS83WK4S9F;
				ENABLE_PREVIEWS = YES;
				GENERATE_INFOPLIST_FILE = YES;
				INFOPLIST_KEY_UIApplicationSceneManifest_Generation = YES;
				INFOPLIST_KEY_UIApplicationSupportsIndirectInputEvents = YES;
				INFOPLIST_KEY_UILaunchScreen_Generation = YES;
				INFOPLIST_KEY_UISupportedInterfaceOrientations_iPad = "UIInterfaceOrientationPortrait UIInterfaceOrientationPortraitUpsideDown UIInterfaceOrientationLandscapeLeft UIInterfaceOrientationLandscapeRight";
				INFOPLIST_KEY_UISupportedInterfaceOrientations_iPhone = "UIInterfaceOrientationPortrait UIInterfaceOrientationLandscapeLeft UIInterfaceOrientationLandscapeRight";
				LD_RUNPATH_SEARCH_PATHS = (
					"$(inherited)",
					"@executable_path/Frameworks",
				);
				MARKETING_VERSION = 1.0;
				PRODUCT_BUNDLE_IDENTIFIER = "com.swift.xmod.brawls.Brawls-Stars";
				PRODUCT_NAME = "Brawl Stars Characters";
				SWIFT_EMIT_LOC_STRINGS = YES;
				SWIFT_VERSION = 5.0;
				TARGETED_DEVICE_FAMILY = "1,2";
			};
			name = Release;
		};
/* End XCBuildConfiguration section */

/* Begin XCConfigurationList section */
		2F4613C72825C8320065ECE2 /* Build configuration list for PBXProject "Brawls Stars" */ = {
			isa = XCConfigurationList;
			buildConfigurations = (
				2F4613D82825C8340065ECE2 /* Debug */,
				2F4613D92825C8340065ECE2 /* Release */,
			);
			defaultConfigurationIsVisible = 0;
			defaultConfigurationName = Release;
		};
		2F4613DA2825C8340065ECE2 /* Build configuration list for PBXNativeTarget "Brawl Stars" */ = {
			isa = XCConfigurationList;
			buildConfigurations = (
				2F4613DB2825C8340065ECE2 /* Debug */,
				2F4613DC2825C8340065ECE2 /* Release */,
			);
			defaultConfigurationIsVisible = 0;
			defaultConfigurationName = Release;
		};
/* End XCConfigurationList section */
	};
	rootObject = 2F4613C42825C8320065ECE2 /* Project object */;
}
